
Microsoft Visual Studio Solution File, Format Version 12.00
# Visual Studio Version 17
VisualStudioVersion = 17.6.33815.320
MinimumVisualStudioVersion = 10.0.40219.1
Project("{FAE04EC0-301F-11D3-BF4B-00C04F79EFBC}") = "tic-tac-toe", "tic-tac-toe.csproj", "{E0828D0E-F9E6-4306-92F6-D2BA49EBF0D2}"
EndProject
Global
	GlobalSection(SolutionConfigurationPlatforms) = preSolution
		Debug|Any CPU = Debug|Any CPU
		Release|Any CPU = Release|Any CPU
	EndGlobalSection
	GlobalSection(ProjectConfigurationPlatforms) = postSolution
		{E0828D0E-F9E6-4306-92F6-D2BA49EBF0D2}.Debug|Any CPU.ActiveCfg = Debug|Any CPU
		{E0828D0E-F9E6-4306-92F6-D2BA49EBF0D2}.Debug|Any CPU.Build.0 = Debug|Any CPU
		{E0828D0E-F9E6-4306-92F6-D2BA49EBF0D2}.Release|Any CPU.ActiveCfg = Release|Any CPU
		{E0828D0E-F9E6-4306-92F6-D2BA49EBF0D2}.Release|Any CPU.Build.0 = Release|Any CPU
	EndGlobalSection
	GlobalSection(SolutionProperties) = preSolution
		HideSolutionNode = FALSE
	EndGlobalSection
	GlobalSection(ExtensibilityGlobals) = postSolution
		SolutionGuid = {C3ED4595-AF62-4C1E-A077-53C32B55EF4F}
	EndGlobalSection
EndGlobal
